// !$*UTF8*$!
{
	archiveVersion = 1;
	classes = {
	};
	objectVersion = 46;
	objects = {

/* Begin PBXBuildFile section */
		D38E4F5D1A8E6B1800DB642A /* main.m in Sources */ = {isa = PBXBuildFile; fileRef = D38E4F5C1A8E6B1800DB642A /* main.m */; };
		D38E4F601A8E6B1800DB642A /* AppDelegate.m in Sources */ = {isa = PBXBuildFile; fileRef = D38E4F5F1A8E6B1800DB642A /* AppDelegate.m */; };
		D38E4F631A8E6B1800DB642A /* HomeTable.m in Sources */ = {isa = PBXBuildFile; fileRef = D38E4F621A8E6B1800DB642A /* HomeTable.m */; };
		D38E4F661A8E6B1800DB642A /* Main.storyboard in Resources */ = {isa = PBXBuildFile; fileRef = D38E4F641A8E6B1800DB642A /* Main.storyboard */; };
		D38E4F681A8E6B1800DB642A /* Images.xcassets in Resources */ = {isa = PBXBuildFile; fileRef = D38E4F671A8E6B1800DB642A /* Images.xcassets */; };
		D38E4F6B1A8E6B1800DB642A /* LaunchScreen.xib in Resources */ = {isa = PBXBuildFile; fileRef = D38E4F691A8E6B1800DB642A /* LaunchScreen.xib */; };
		D38E4F771A8E6B1800DB642A /* EjemploWebTests.m in Sources */ = {isa = PBXBuildFile; fileRef = D38E4F761A8E6B1800DB642A /* EjemploWebTests.m */; };
		D38E4F811A8E6B3400DB642A /* MobileCoreServices.framework in Frameworks */ = {isa = PBXBuildFile; fileRef = D38E4F801A8E6B3400DB642A /* MobileCoreServices.framework */; };
		D38E4F831A8E6B3D00DB642A /* Social.framework in Frameworks */ = {isa = PBXBuildFile; fileRef = D38E4F821A8E6B3D00DB642A /* Social.framework */; };
		D38E4F851A8E6B4400DB642A /* Twitter.framework in Frameworks */ = {isa = PBXBuildFile; fileRef = D38E4F841A8E6B4400DB642A /* Twitter.framework */; };
		D38E4F871A8E6B5000DB642A /* Accounts.framework in Frameworks */ = {isa = PBXBuildFile; fileRef = D38E4F861A8E6B5000DB642A /* Accounts.framework */; };
		D38E4F8E1A8E6DB200DB642A /* chavo.png in Resources */ = {isa = PBXBuildFile; fileRef = D38E4F891A8E6DB200DB642A /* chavo.png */; };
		D38E4F8F1A8E6DB200DB642A /* chilindrina.png in Resources */ = {isa = PBXBuildFile; fileRef = D38E4F8A1A8E6DB200DB642A /* chilindrina.png */; };
		D38E4F901A8E6DB200DB642A /* clotilde.png in Resources */ = {isa = PBXBuildFile; fileRef = D38E4F8B1A8E6DB200DB642A /* clotilde.png */; };
		D38E4F911A8E6DB200DB642A /* jaimito.png in Resources */ = {isa = PBXBuildFile; fileRef = D38E4F8C1A8E6DB200DB642A /* jaimito.png */; };
		D38E4F921A8E6DB200DB642A /* nono.png in Resources */ = {isa = PBXBuildFile; fileRef = D38E4F8D1A8E6DB200DB642A /* nono.png */; };
		D38E4F961A8E6E4800DB642A /* cellOaxaca.m in Sources */ = {isa = PBXBuildFile; fileRef = D38E4F951A8E6E4800DB642A /* cellOaxaca.m */; };
		D38E4FB11A8E78F900DB642A /* NSObject+SBJson.m in Sources */ = {isa = PBXBuildFile; fileRef = D38E4F991A8E78F900DB642A /* NSObject+SBJson.m */; };
		D38E4FB21A8E78F900DB642A /* SBJsonParser.m in Sources */ = {isa = PBXBuildFile; fileRef = D38E4F9C1A8E78F900DB642A /* SBJsonParser.m */; };
		D38E4FB31A8E78F900DB642A /* SBJsonStreamParser.m in Sources */ = {isa = PBXBuildFile; fileRef = D38E4F9E1A8E78F900DB642A /* SBJsonStreamParser.m */; };
		D38E4FB41A8E78F900DB642A /* SBJsonStreamParserAccumulator.m in Sources */ = {isa = PBXBuildFile; fileRef = D38E4FA01A8E78F900DB642A /* SBJsonStreamParserAccumulator.m */; };
		D38E4FB51A8E78F900DB642A /* SBJsonStreamParserAdapter.m in Sources */ = {isa = PBXBuildFile; fileRef = D38E4FA21A8E78F900DB642A /* SBJsonStreamParserAdapter.m */; };
		D38E4FB61A8E78F900DB642A /* SBJsonStreamParserState.m in Sources */ = {isa = PBXBuildFile; fileRef = D38E4FA41A8E78F900DB642A /* SBJsonStreamParserState.m */; };
		D38E4FB71A8E78F900DB642A /* SBJsonStreamWriter.m in Sources */ = {isa = PBXBuildFile; fileRef = D38E4FA61A8E78F900DB642A /* SBJsonStreamWriter.m */; };
		D38E4FB81A8E78F900DB642A /* SBJsonStreamWriterAccumulator.m in Sources */ = {isa = PBXBuildFile; fileRef = D38E4FA81A8E78F900DB642A /* SBJsonStreamWriterAccumulator.m */; };
		D38E4FB91A8E78F900DB642A /* SBJsonStreamWriterState.m in Sources */ = {isa = PBXBuildFile; fileRef = D38E4FAA1A8E78F900DB642A /* SBJsonStreamWriterState.m */; };
		D38E4FBA1A8E78F900DB642A /* SBJsonTokeniser.m in Sources */ = {isa = PBXBuildFile; fileRef = D38E4FAC1A8E78F900DB642A /* SBJsonTokeniser.m */; };
		D38E4FBB1A8E78F900DB642A /* SBJsonUTF8Stream.m in Sources */ = {isa = PBXBuildFile; fileRef = D38E4FAE1A8E78F900DB642A /* SBJsonUTF8Stream.m */; };
		D38E4FBC1A8E78F900DB642A /* SBJsonWriter.m in Sources */ = {isa = PBXBuildFile; fileRef = D38E4FB01A8E78F900DB642A /* SBJsonWriter.m */; };
/* End PBXBuildFile section */

/* Begin PBXContainerItemProxy section */
		D38E4F711A8E6B1800DB642A /* PBXContainerItemProxy */ = {
			isa = PBXContainerItemProxy;
			containerPortal = D38E4F4F1A8E6B1800DB642A /* Project object */;
			proxyType = 1;
			remoteGlobalIDString = D38E4F561A8E6B1800DB642A;
			remoteInfo = EjemploWeb;
		};
/* End PBXContainerItemProxy section */

/* Begin PBXFileReference section */
		D38E4F571A8E6B1800DB642A /* EjemploWeb.app */ = {isa = PBXFileReference; explicitFileType = wrapper.application; includeInIndex = 0; path = EjemploWeb.app; sourceTree = BUILT_PRODUCTS_DIR; };
		D38E4F5B1A8E6B1800DB642A /* Info.plist */ = {isa = PBXFileReference; lastKnownFileType = text.plist.xml; path = Info.plist; sourceTree = "<group>"; };
		D38E4F5C1A8E6B1800DB642A /* main.m */ = {isa = PBXFileReference; lastKnownFileType = sourcecode.c.objc; path = main.m; sourceTree = "<group>"; };
		D38E4F5E1A8E6B1800DB642A /* AppDelegate.h */ = {isa = PBXFileReference; lastKnownFileType = sourcecode.c.h; path = AppDelegate.h; sourceTree = "<group>"; };
		D38E4F5F1A8E6B1800DB642A /* AppDelegate.m */ = {isa = PBXFileReference; lastKnownFileType = sourcecode.c.objc; path = AppDelegate.m; sourceTree = "<group>"; };
		D38E4F611A8E6B1800DB642A /* HomeTable.h */ = {isa = PBXFileReference; lastKnownFileType = sourcecode.c.h; path = HomeTable.h; sourceTree = "<group>"; };
		D38E4F621A8E6B1800DB642A /* HomeTable.m */ = {isa = PBXFileReference; lastKnownFileType = sourcecode.c.objc; path = HomeTable.m; sourceTree = "<group>"; };
		D38E4F651A8E6B1800DB642A /* Base */ = {isa = PBXFileReference; lastKnownFileType = file.storyboard; name = Base; path = Base.lproj/Main.storyboard; sourceTree = "<group>"; };
		D38E4F671A8E6B1800DB642A /* Images.xcassets */ = {isa = PBXFileReference; lastKnownFileType = folder.assetcatalog; path = Images.xcassets; sourceTree = "<group>"; };
		D38E4F6A1A8E6B1800DB642A /* Base */ = {isa = PBXFileReference; lastKnownFileType = file.xib; name = Base; path = Base.lproj/LaunchScreen.xib; sourceTree = "<group>"; };
		D38E4F701A8E6B1800DB642A /* EjemploWebTests.xctest */ = {isa = PBXFileReference; explicitFileType = wrapper.cfbundle; includeInIndex = 0; path = EjemploWebTests.xctest; sourceTree = BUILT_PRODUCTS_DIR; };
		D38E4F751A8E6B1800DB642A /* Info.plist */ = {isa = PBXFileReference; lastKnownFileType = text.plist.xml; path = Info.plist; sourceTree = "<group>"; };
		D38E4F761A8E6B1800DB642A /* EjemploWebTests.m */ = {isa = PBXFileReference; lastKnownFileType = sourcecode.c.objc; path = EjemploWebTests.m; sourceTree = "<group>"; };
		D38E4F801A8E6B3400DB642A /* MobileCoreServices.framework */ = {isa = PBXFileReference; lastKnownFileType = wrapper.framework; name = MobileCoreServices.framework; path = System/Library/Frameworks/MobileCoreServices.framework; sourceTree = SDKROOT; };
		D38E4F821A8E6B3D00DB642A /* Social.framework */ = {isa = PBXFileReference; lastKnownFileType = wrapper.framework; name = Social.framework; path = System/Library/Frameworks/Social.framework; sourceTree = SDKROOT; };
		D38E4F841A8E6B4400DB642A /* Twitter.framework */ = {isa = PBXFileReference; lastKnownFileType = wrapper.framework; name = Twitter.framework; path = System/Library/Frameworks/Twitter.framework; sourceTree = SDKROOT; };
		D38E4F861A8E6B5000DB642A /* Accounts.framework */ = {isa = PBXFileReference; lastKnownFileType = wrapper.framework; name = Accounts.framework; path = System/Library/Frameworks/Accounts.framework; sourceTree = SDKROOT; };
		D38E4F891A8E6DB200DB642A /* chavo.png */ = {isa = PBXFileReference; lastKnownFileType = image.png; path = chavo.png; sourceTree = "<group>"; };
		D38E4F8A1A8E6DB200DB642A /* chilindrina.png */ = {isa = PBXFileReference; lastKnownFileType = image.png; path = chilindrina.png; sourceTree = "<group>"; };
		D38E4F8B1A8E6DB200DB642A /* clotilde.png */ = {isa = PBXFileReference; lastKnownFileType = image.png; path = clotilde.png; sourceTree = "<group>"; };
		D38E4F8C1A8E6DB200DB642A /* jaimito.png */ = {isa = PBXFileReference; lastKnownFileType = image.png; path = jaimito.png; sourceTree = "<group>"; };
		D38E4F8D1A8E6DB200DB642A /* nono.png */ = {isa = PBXFileReference; lastKnownFileType = image.png; path = nono.png; sourceTree = "<group>"; };
		D38E4F941A8E6E4800DB642A /* cellOaxaca.h */ = {isa = PBXFileReference; fileEncoding = 4; lastKnownFileType = sourcecode.c.h; path = cellOaxaca.h; sourceTree = "<group>"; };
		D38E4F951A8E6E4800DB642A /* cellOaxaca.m */ = {isa = PBXFileReference; fileEncoding = 4; lastKnownFileType = sourcecode.c.objc; path = cellOaxaca.m; sourceTree = "<group>"; };
		D38E4F981A8E78F900DB642A /* NSObject+SBJson.h */ = {isa = PBXFileReference; fileEncoding = 4; lastKnownFileType = sourcecode.c.h; path = "NSObject+SBJson.h"; sourceTree = "<group>"; };
		D38E4F991A8E78F900DB642A /* NSObject+SBJson.m */ = {isa = PBXFileReference; fileEncoding = 4; lastKnownFileType = sourcecode.c.objc; path = "NSObject+SBJson.m"; sourceTree = "<group>"; };
		D38E4F9A1A8E78F900DB642A /* SBJson.h */ = {isa = PBXFileReference; fileEncoding = 4; lastKnownFileType = sourcecode.c.h; path = SBJson.h; sourceTree = "<group>"; };
		D38E4F9B1A8E78F900DB642A /* SBJsonParser.h */ = {isa = PBXFileReference; fileEncoding = 4; lastKnownFileType = sourcecode.c.h; path = SBJsonParser.h; sourceTree = "<group>"; };
		D38E4F9C1A8E78F900DB642A /* SBJsonParser.m */ = {isa = PBXFileReference; fileEncoding = 4; lastKnownFileType = sourcecode.c.objc; path = SBJsonParser.m; sourceTree = "<group>"; };
		D38E4F9D1A8E78F900DB642A /* SBJsonStreamParser.h */ = {isa = PBXFileReference; fileEncoding = 4; lastKnownFileType = sourcecode.c.h; path = SBJsonStreamParser.h; sourceTree = "<group>"; };
		D38E4F9E1A8E78F900DB642A /* SBJsonStreamParser.m */ = {isa = PBXFileReference; fileEncoding = 4; lastKnownFileType = sourcecode.c.objc; path = SBJsonStreamParser.m; sourceTree = "<group>"; };
		D38E4F9F1A8E78F900DB642A /* SBJsonStreamParserAccumulator.h */ = {isa = PBXFileReference; fileEncoding = 4; lastKnownFileType = sourcecode.c.h; path = SBJsonStreamParserAccumulator.h; sourceTree = "<group>"; };
		D38E4FA01A8E78F900DB642A /* SBJsonStreamParserAccumulator.m */ = {isa = PBXFileReference; fileEncoding = 4; lastKnownFileType = sourcecode.c.objc; path = SBJsonStreamParserAccumulator.m; sourceTree = "<group>"; };
		D38E4FA11A8E78F900DB642A /* SBJsonStreamParserAdapter.h */ = {isa = PBXFileReference; fileEncoding = 4; lastKnownFileType = sourcecode.c.h; path = SBJsonStreamParserAdapter.h; sourceTree = "<group>"; };
		D38E4FA21A8E78F900DB642A /* SBJsonStreamParserAdapter.m */ = {isa = PBXFileReference; fileEncoding = 4; lastKnownFileType = sourcecode.c.objc; path = SBJsonStreamParserAdapter.m; sourceTree = "<group>"; };
		D38E4FA31A8E78F900DB642A /* SBJsonStreamParserState.h */ = {isa = PBXFileReference; fileEncoding = 4; lastKnownFileType = sourcecode.c.h; path = SBJsonStreamParserState.h; sourceTree = "<group>"; };
		D38E4FA41A8E78F900DB642A /* SBJsonStreamParserState.m */ = {isa = PBXFileReference; fileEncoding = 4; lastKnownFileType = sourcecode.c.objc; path = SBJsonStreamParserState.m; sourceTree = "<group>"; };
		D38E4FA51A8E78F900DB642A /* SBJsonStreamWriter.h */ = {isa = PBXFileReference; fileEncoding = 4; lastKnownFileType = sourcecode.c.h; path = SBJsonStreamWriter.h; sourceTree = "<group>"; };
		D38E4FA61A8E78F900DB642A /* SBJsonStreamWriter.m */ = {isa = PBXFileReference; fileEncoding = 4; lastKnownFileType = sourcecode.c.objc; path = SBJsonStreamWriter.m; sourceTree = "<group>"; };
		D38E4FA71A8E78F900DB642A /* SBJsonStreamWriterAccumulator.h */ = {isa = PBXFileReference; fileEncoding = 4; lastKnownFileType = sourcecode.c.h; path = SBJsonStreamWriterAccumulator.h; sourceTree = "<group>"; };
		D38E4FA81A8E78F900DB642A /* SBJsonStreamWriterAccumulator.m */ = {isa = PBXFileReference; fileEncoding = 4; lastKnownFileType = sourcecode.c.objc; path = SBJsonStreamWriterAccumulator.m; sourceTree = "<group>"; };
		D38E4FA91A8E78F900DB642A /* SBJsonStreamWriterState.h */ = {isa = PBXFileReference; fileEncoding = 4; lastKnownFileType = sourcecode.c.h; path = SBJsonStreamWriterState.h; sourceTree = "<group>"; };
		D38E4FAA1A8E78F900DB642A /* SBJsonStreamWriterState.m */ = {isa = PBXFileReference; fileEncoding = 4; lastKnownFileType = sourcecode.c.objc; path = SBJsonStreamWriterState.m; sourceTree = "<group>"; };
		D38E4FAB1A8E78F900DB642A /* SBJsonTokeniser.h */ = {isa = PBXFileReference; fileEncoding = 4; lastKnownFileType = sourcecode.c.h; path = SBJsonTokeniser.h; sourceTree = "<group>"; };
		D38E4FAC1A8E78F900DB642A /* SBJsonTokeniser.m */ = {isa = PBXFileReference; fileEncoding = 4; lastKnownFileType = sourcecode.c.objc; path = SBJsonTokeniser.m; sourceTree = "<group>"; };
		D38E4FAD1A8E78F900DB642A /* SBJsonUTF8Stream.h */ = {isa = PBXFileReference; fileEncoding = 4; lastKnownFileType = sourcecode.c.h; path = SBJsonUTF8Stream.h; sourceTree = "<group>"; };
		D38E4FAE1A8E78F900DB642A /* SBJsonUTF8Stream.m */ = {isa = PBXFileReference; fileEncoding = 4; lastKnownFileType = sourcecode.c.objc; path = SBJsonUTF8Stream.m; sourceTree = "<group>"; };
		D38E4FAF1A8E78F900DB642A /* SBJsonWriter.h */ = {isa = PBXFileReference; fileEncoding = 4; lastKnownFileType = sourcecode.c.h; path = SBJsonWriter.h; sourceTree = "<group>"; };
		D38E4FB01A8E78F900DB642A /* SBJsonWriter.m */ = {isa = PBXFileReference; fileEncoding = 4; lastKnownFileType = sourcecode.c.objc; path = SBJsonWriter.m; sourceTree = "<group>"; };
/* End PBXFileReference section */

/* Begin PBXFrameworksBuildPhase section */
		D38E4F541A8E6B1800DB642A /* Frameworks */ = {
			isa = PBXFrameworksBuildPhase;
			buildActionMask = 2147483647;
			files = (
				D38E4F871A8E6B5000DB642A /* Accounts.framework in Frameworks */,
				D38E4F851A8E6B4400DB642A /* Twitter.framework in Frameworks */,
				D38E4F831A8E6B3D00DB642A /* Social.framework in Frameworks */,
				D38E4F811A8E6B3400DB642A /* MobileCoreServices.framework in Frameworks */,
			);
			runOnlyForDeploymentPostprocessing = 0;
		};
		D38E4F6D1A8E6B1800DB642A /* Frameworks */ = {
			isa = PBXFrameworksBuildPhase;
			buildActionMask = 2147483647;
			files = (
			);
			runOnlyForDeploymentPostprocessing = 0;
		};
/* End PBXFrameworksBuildPhase section */

/* Begin PBXGroup section */
		D38E4F4E1A8E6B1800DB642A = {
			isa = PBXGroup;
			children = (
				D38E4F861A8E6B5000DB642A /* Accounts.framework */,
				D38E4F841A8E6B4400DB642A /* Twitter.framework */,
				D38E4F821A8E6B3D00DB642A /* Social.framework */,
				D38E4F801A8E6B3400DB642A /* MobileCoreServices.framework */,
				D38E4F971A8E78F900DB642A /* json */,
				D38E4F931A8E6E2200DB642A /* Customized */,
				D38E4F591A8E6B1800DB642A /* EjemploWeb */,
				D38E4F731A8E6B1800DB642A /* EjemploWebTests */,
				D38E4F581A8E6B1800DB642A /* Products */,
			);
			sourceTree = "<group>";
		};
		D38E4F581A8E6B1800DB642A /* Products */ = {
			isa = PBXGroup;
			children = (
				D38E4F571A8E6B1800DB642A /* EjemploWeb.app */,
				D38E4F701A8E6B1800DB642A /* EjemploWebTests.xctest */,
			);
			name = Products;
			sourceTree = "<group>";
		};
		D38E4F591A8E6B1800DB642A /* EjemploWeb */ = {
			isa = PBXGroup;
			children = (
				D38E4F881A8E6DB200DB642A /* imgs */,
				D38E4F5E1A8E6B1800DB642A /* AppDelegate.h */,
				D38E4F5F1A8E6B1800DB642A /* AppDelegate.m */,
				D38E4F611A8E6B1800DB642A /* HomeTable.h */,
				D38E4F621A8E6B1800DB642A /* HomeTable.m */,
				D38E4F641A8E6B1800DB642A /* Main.storyboard */,
				D38E4F671A8E6B1800DB642A /* Images.xcassets */,
				D38E4F691A8E6B1800DB642A /* LaunchScreen.xib */,
				D38E4F5A1A8E6B1800DB642A /* Supporting Files */,
			);
			path = EjemploWeb;
			sourceTree = "<group>";
		};
		D38E4F5A1A8E6B1800DB642A /* Supporting Files */ = {
			isa = PBXGroup;
			children = (
				D38E4F5B1A8E6B1800DB642A /* Info.plist */,
				D38E4F5C1A8E6B1800DB642A /* main.m */,
			);
			name = "Supporting Files";
			sourceTree = "<group>";
		};
		D38E4F731A8E6B1800DB642A /* EjemploWebTests */ = {
			isa = PBXGroup;
			children = (
				D38E4F761A8E6B1800DB642A /* EjemploWebTests.m */,
				D38E4F741A8E6B1800DB642A /* Supporting Files */,
			);
			path = EjemploWebTests;
			sourceTree = "<group>";
		};
		D38E4F741A8E6B1800DB642A /* Supporting Files */ = {
			isa = PBXGroup;
			children = (
				D38E4F751A8E6B1800DB642A /* Info.plist */,
			);
			name = "Supporting Files";
			sourceTree = "<group>";
		};
		D38E4F881A8E6DB200DB642A /* imgs */ = {
			isa = PBXGroup;
			children = (
				D38E4F891A8E6DB200DB642A /* chavo.png */,
				D38E4F8A1A8E6DB200DB642A /* chilindrina.png */,
				D38E4F8B1A8E6DB200DB642A /* clotilde.png */,
				D38E4F8C1A8E6DB200DB642A /* jaimito.png */,
				D38E4F8D1A8E6DB200DB642A /* nono.png */,
			);
			path = imgs;
			sourceTree = "<group>";
		};
		D38E4F931A8E6E2200DB642A /* Customized */ = {
			isa = PBXGroup;
			children = (
				D38E4F941A8E6E4800DB642A /* cellOaxaca.h */,
				D38E4F951A8E6E4800DB642A /* cellOaxaca.m */,
			);
			name = Customized;
			sourceTree = "<group>";
		};
		D38E4F971A8E78F900DB642A /* json */ = {
			isa = PBXGroup;
			children = (
				D38E4F981A8E78F900DB642A /* NSObject+SBJson.h */,
				D38E4F991A8E78F900DB642A /* NSObject+SBJson.m */,
				D38E4F9A1A8E78F900DB642A /* SBJson.h */,
				D38E4F9B1A8E78F900DB642A /* SBJsonParser.h */,
				D38E4F9C1A8E78F900DB642A /* SBJsonParser.m */,
				D38E4F9D1A8E78F900DB642A /* SBJsonStreamParser.h */,
				D38E4F9E1A8E78F900DB642A /* SBJsonStreamParser.m */,
				D38E4F9F1A8E78F900DB642A /* SBJsonStreamParserAccumulator.h */,
				D38E4FA01A8E78F900DB642A /* SBJsonStreamParserAccumulator.m */,
				D38E4FA11A8E78F900DB642A /* SBJsonStreamParserAdapter.h */,
				D38E4FA21A8E78F900DB642A /* SBJsonStreamParserAdapter.m */,
				D38E4FA31A8E78F900DB642A /* SBJsonStreamParserState.h */,
				D38E4FA41A8E78F900DB642A /* SBJsonStreamParserState.m */,
				D38E4FA51A8E78F900DB642A /* SBJsonStreamWriter.h */,
				D38E4FA61A8E78F900DB642A /* SBJsonStreamWriter.m */,
				D38E4FA71A8E78F900DB642A /* SBJsonStreamWriterAccumulator.h */,
				D38E4FA81A8E78F900DB642A /* SBJsonStreamWriterAccumulator.m */,
				D38E4FA91A8E78F900DB642A /* SBJsonStreamWriterState.h */,
				D38E4FAA1A8E78F900DB642A /* SBJsonStreamWriterState.m */,
				D38E4FAB1A8E78F900DB642A /* SBJsonTokeniser.h */,
				D38E4FAC1A8E78F900DB642A /* SBJsonTokeniser.m */,
				D38E4FAD1A8E78F900DB642A /* SBJsonUTF8Stream.h */,
				D38E4FAE1A8E78F900DB642A /* SBJsonUTF8Stream.m */,
				D38E4FAF1A8E78F900DB642A /* SBJsonWriter.h */,
				D38E4FB01A8E78F900DB642A /* SBJsonWriter.m */,
			);
			name = json;
			path = EjemploWeb/json;
			sourceTree = "<group>";
		};
/* End PBXGroup section */

/* Begin PBXNativeTarget section */
		D38E4F561A8E6B1800DB642A /* EjemploWeb */ = {
			isa = PBXNativeTarget;
			buildConfigurationList = D38E4F7A1A8E6B1800DB642A /* Build configuration list for PBXNativeTarget "EjemploWeb" */;
			buildPhases = (
				D38E4F531A8E6B1800DB642A /* Sources */,
				D38E4F541A8E6B1800DB642A /* Frameworks */,
				D38E4F551A8E6B1800DB642A /* Resources */,
			);
			buildRules = (
			);
			dependencies = (
			);
			name = EjemploWeb;
			productName = EjemploWeb;
			productReference = D38E4F571A8E6B1800DB642A /* EjemploWeb.app */;
			productType = "com.apple.product-type.application";
		};
		D38E4F6F1A8E6B1800DB642A /* EjemploWebTests */ = {
			isa = PBXNativeTarget;
			buildConfigurationList = D38E4F7D1A8E6B1800DB642A /* Build configuration list for PBXNativeTarget "EjemploWebTests" */;
			buildPhases = (
				D38E4F6C1A8E6B1800DB642A /* Sources */,
				D38E4F6D1A8E6B1800DB642A /* Frameworks */,
				D38E4F6E1A8E6B1800DB642A /* Resources */,
			);
			buildRules = (
			);
			dependencies = (
				D38E4F721A8E6B1800DB642A /* PBXTargetDependency */,
			);
			name = EjemploWebTests;
			productName = EjemploWebTests;
			productReference = D38E4F701A8E6B1800DB642A /* EjemploWebTests.xctest */;
			productType = "com.apple.product-type.bundle.unit-test";
		};
/* End PBXNativeTarget section */

/* Begin PBXProject section */
		D38E4F4F1A8E6B1800DB642A /* Project object */ = {
			isa = PBXProject;
			attributes = {
				LastUpgradeCheck = 0610;
				ORGANIZATIONNAME = AlbertoCorderoArellanes;
				TargetAttributes = {
					D38E4F561A8E6B1800DB642A = {
						CreatedOnToolsVersion = 6.1.1;
					};
					D38E4F6F1A8E6B1800DB642A = {
						CreatedOnToolsVersion = 6.1.1;
						TestTargetID = D38E4F561A8E6B1800DB642A;
					};
				};
			};
			buildConfigurationList = D38E4F521A8E6B1800DB642A /* Build configuration list for PBXProject "EjemploWeb" */;
			compatibilityVersion = "Xcode 3.2";
			developmentRegion = English;
			hasScannedForEncodings = 0;
			knownRegions = (
				en,
				Base,
			);
			mainGroup = D38E4F4E1A8E6B1800DB642A;
			productRefGroup = D38E4F581A8E6B1800DB642A /* Products */;
			projectDirPath = "";
			projectRoot = "";
			targets = (
				D38E4F561A8E6B1800DB642A /* EjemploWeb */,
				D38E4F6F1A8E6B1800DB642A /* EjemploWebTests */,
			);
		};
/* End PBXProject section */

/* Begin PBXResourcesBuildPhase section */
		D38E4F551A8E6B1800DB642A /* Resources */ = {
			isa = PBXResourcesBuildPhase;
			buildActionMask = 2147483647;
			files = (
				D38E4F661A8E6B1800DB642A /* Main.storyboard in Resources */,
				D38E4F901A8E6DB200DB642A /* clotilde.png in Resources */,
				D38E4F8E1A8E6DB200DB642A /* chavo.png in Resources */,
				D38E4F6B1A8E6B1800DB642A /* LaunchScreen.xib in Resources */,
				D38E4F8F1A8E6DB200DB642A /* chilindrina.png in Resources */,
				D38E4F921A8E6DB200DB642A /* nono.png in Resources */,
				D38E4F681A8E6B1800DB642A /* Images.xcassets in Resources */,
				D38E4F911A8E6DB200DB642A /* jaimito.png in Resources */,
			);
			runOnlyForDeploymentPostprocessing = 0;
		};
		D38E4F6E1A8E6B1800DB642A /* Resources */ = {
			isa = PBXResourcesBuildPhase;
			buildActionMask = 2147483647;
			files = (
			);
			runOnlyForDeploymentPostprocessing = 0;
		};
/* End PBXResourcesBuildPhase section */

/* Begin PBXSourcesBuildPhase section */
		D38E4F531A8E6B1800DB642A /* Sources */ = {
			isa = PBXSourcesBuildPhase;
			buildActionMask = 2147483647;
			files = (
				D38E4F961A8E6E4800DB642A /* cellOaxaca.m in Sources */,
				D38E4F631A8E6B1800DB642A /* HomeTable.m in Sources */,
				D38E4FB81A8E78F900DB642A /* SBJsonStreamWriterAccumulator.m in Sources */,
				D38E4FB41A8E78F900DB642A /* SBJsonStreamParserAccumulator.m in Sources */,
				D38E4FB61A8E78F900DB642A /* SBJsonStreamParserState.m in Sources */,
				D38E4FBC1A8E78F900DB642A /* SBJsonWriter.m in Sources */,
				D38E4F601A8E6B1800DB642A /* AppDelegate.m in Sources */,
				D38E4FB91A8E78F900DB642A /* SBJsonStreamWriterState.m in Sources */,
				D38E4FB21A8E78F900DB642A /* SBJsonParser.m in Sources */,
				D38E4FBB1A8E78F900DB642A /* SBJsonUTF8Stream.m in Sources */,
				D38E4FB31A8E78F900DB642A /* SBJsonStreamParser.m in Sources */,
				D38E4FBA1A8E78F900DB642A /* SBJsonTokeniser.m in Sources */,
				D38E4FB11A8E78F900DB642A /* NSObject+SBJson.m in Sources */,
				D38E4F5D1A8E6B1800DB642A /* main.m in Sources */,
				D38E4FB71A8E78F900DB642A /* SBJsonStreamWriter.m in Sources */,
				D38E4FB51A8E78F900DB642A /* SBJsonStreamParserAdapter.m in Sources */,
			);
			runOnlyForDeploymentPostprocessing = 0;
		};
		D38E4F6C1A8E6B1800DB642A /* Sources */ = {
			isa = PBXSourcesBuildPhase;
			buildActionMask = 2147483647;
			files = (
				D38E4F771A8E6B1800DB642A /* EjemploWebTests.m in Sources */,
			);
			runOnlyForDeploymentPostprocessing = 0;
		};
/* End PBXSourcesBuildPhase section */

/* Begin PBXTargetDependency section */
		D38E4F721A8E6B1800DB642A /* PBXTargetDependency */ = {
			isa = PBXTargetDependency;
			target = D38E4F561A8E6B1800DB642A /* EjemploWeb */;
			targetProxy = D38E4F711A8E6B1800DB642A /* PBXContainerItemProxy */;
		};
/* End PBXTargetDependency section */

/* Begin PBXVariantGroup section */
		D38E4F641A8E6B1800DB642A /* Main.storyboard */ = {
			isa = PBXVariantGroup;
			children = (
				D38E4F651A8E6B1800DB642A /* Base */,
			);
			name = Main.storyboard;
			sourceTree = "<group>";
		};
		D38E4F691A8E6B1800DB642A /* LaunchScreen.xib */ = {
			isa = PBXVariantGroup;
			children = (
				D38E4F6A1A8E6B1800DB642A /* Base */,
			);
			name = LaunchScreen.xib;
			sourceTree = "<group>";
		};
/* End PBXVariantGroup section */

/* Begin XCBuildConfiguration section */
		D38E4F781A8E6B1800DB642A /* Debug */ = {
			isa = XCBuildConfiguration;
			buildSettings = {
				ALWAYS_SEARCH_USER_PATHS = NO;
				CLANG_CXX_LANGUAGE_STANDARD = "gnu++0x";
				CLANG_CXX_LIBRARY = "libc++";
				CLANG_ENABLE_MODULES = YES;
				CLANG_ENABLE_OBJC_ARC = YES;
				CLANG_WARN_BOOL_CONVERSION = YES;
				CLANG_WARN_CONSTANT_CONVERSION = YES;
				CLANG_WARN_DIRECT_OBJC_ISA_USAGE = YES_ERROR;
				CLANG_WARN_EMPTY_BODY = YES;
				CLANG_WARN_ENUM_CONVERSION = YES;
				CLANG_WARN_INT_CONVERSION = YES;
				CLANG_WARN_OBJC_ROOT_CLASS = YES_ERROR;
				CLANG_WARN_UNREACHABLE_CODE = YES;
				CLANG_WARN__DUPLICATE_METHOD_MATCH = YES;
				"CODE_SIGN_IDENTITY[sdk=iphoneos*]" = "iPhone Developer";
				COPY_PHASE_STRIP = NO;
				ENABLE_STRICT_OBJC_MSGSEND = YES;
				GCC_C_LANGUAGE_STANDARD = gnu99;
				GCC_DYNAMIC_NO_PIC = NO;
				GCC_OPTIMIZATION_LEVEL = 0;
				GCC_PREPROCESSOR_DEFINITIONS = (
					"DEBUG=1",
					"$(inherited)",
				);
				GCC_SYMBOLS_PRIVATE_EXTERN = NO;
				GCC_WARN_64_TO_32_BIT_CONVERSION = YES;
				GCC_WARN_ABOUT_RETURN_TYPE = YES_ERROR;
				GCC_WARN_UNDECLARED_SELECTOR = YES;
				GCC_WARN_UNINITIALIZED_AUTOS = YES_AGGRESSIVE;
				GCC_WARN_UNUSED_FUNCTION = YES;
				GCC_WARN_UNUSED_VARIABLE = YES;
				IPHONEOS_DEPLOYMENT_TARGET = 8.1;
				MTL_ENABLE_DEBUG_INFO = YES;
				ONLY_ACTIVE_ARCH = YES;
				SDKROOT = iphoneos;
				TARGETED_DEVICE_FAMILY = "1,2";
			};
			name = Debug;
		};
		D38E4F791A8E6B1800DB642A /* Release */ = {
			isa = XCBuildConfiguration;
			buildSettings = {
				ALWAYS_SEARCH_USER_PATHS = NO;
				CLANG_CXX_LANGUAGE_STANDARD = "gnu++0x";
				CLANG_CXX_LIBRARY = "libc++";
				CLANG_ENABLE_MODULES = YES;
				CLANG_ENABLE_OBJC_ARC = YES;
				CLANG_WARN_BOOL_CONVERSION = YES;
				CLANG_WARN_CONSTANT_CONVERSION = YES;
				CLANG_WARN_DIRECT_OBJC_ISA_USAGE = YES_ERROR;
				CLANG_WARN_EMPTY_BODY = YES;
				CLANG_WARN_ENUM_CONVERSION = YES;
				CLANG_WARN_INT_CONVERSION = YES;
				CLANG_WARN_OBJC_ROOT_CLASS = YES_ERROR;
				CLANG_WARN_UNREACHABLE_CODE = YES;
				CLANG_WARN__DUPLICATE_METHOD_MATCH = YES;
				"CODE_SIGN_IDENTITY[sdk=iphoneos*]" = "iPhone Developer";
				COPY_PHASE_STRIP = YES;
				ENABLE_NS_ASSERTIONS = NO;
				ENABLE_STRICT_OBJC_MSGSEND = YES;
				GCC_C_LANGUAGE_STANDARD = gnu99;
				GCC_WARN_64_TO_32_BIT_CONVERSION = YES;
				GCC_WARN_ABOUT_RETURN_TYPE = YES_ERROR;
				GCC_WARN_UNDECLARED_SELECTOR = YES;
				GCC_WARN_UNINITIALIZED_AUTOS = YES_AGGRESSIVE;
				GCC_WARN_UNUSED_FUNCTION = YES;
				GCC_WARN_UNUSED_VARIABLE = YES;
				IPHONEOS_DEPLOYMENT_TARGET = 8.1;
				MTL_ENABLE_DEBUG_INFO = NO;
				SDKROOT = iphoneos;
				TARGETED_DEVICE_FAMILY = "1,2";
				VALIDATE_PRODUCT = YES;
			};
			name = Release;
		};
		D38E4F7B1A8E6B1800DB642A /* Debug */ = {
			isa = XCBuildConfiguration;
			buildSettings = {
				ASSETCATALOG_COMPILER_APPICON_NAME = AppIcon;
				INFOPLIST_FILE = EjemploWeb/Info.plist;
				LD_RUNPATH_SEARCH_PATHS = "$(inherited) @executable_path/Frameworks";
				PRODUCT_NAME = "$(TARGET_NAME)";
			};
			name = Debug;
		};
		D38E4F7C1A8E6B1800DB642A /* Release */ = {
			isa = XCBuildConfiguration;
			buildSettings = {
				ASSETCATALOG_COMPILER_APPICON_NAME = AppIcon;
				INFOPLIST_FILE = EjemploWeb/Info.plist;
				LD_RUNPATH_SEARCH_PATHS = "$(inherited) @executable_path/Frameworks";
				PRODUCT_NAME = "$(TARGET_NAME)";
			};
			name = Release;
		};
		D38E4F7E1A8E6B1800DB642A /* Debug */ = {
			isa = XCBuildConfiguration;
			buildSettings = {
				BUNDLE_LOADER = "$(TEST_HOST)";
				FRAMEWORK_SEARCH_PATHS = (
					"$(SDKROOT)/Developer/Library/Frameworks",
					"$(inherited)",
				);
				GCC_PREPROCESSOR_DEFINITIONS = (
					"DEBUG=1",
					"$(inherited)",
				);
				INFOPLIST_FILE = EjemploWebTests/Info.plist;
				LD_RUNPATH_SEARCH_PATHS = "$(inherited) @executable_path/Frameworks @loader_path/Frameworks";
				PRODUCT_NAME = "$(TARGET_NAME)";
				TEST_HOST = "$(BUILT_PRODUCTS_DIR)/EjemploWeb.app/EjemploWeb";
			};
			name = Debug;
		};
		D38E4F7F1A8E6B1800DB642A /* Release */ = {
			isa = XCBuildConfiguration;
			buildSettings = {
				BUNDLE_LOADER = "$(TEST_HOST)";
				FRAMEWORK_SEARCH_PATHS = (
					"$(SDKROOT)/Developer/Library/Frameworks",
					"$(inherited)",
				);
				INFOPLIST_FILE = EjemploWebTests/Info.plist;
				LD_RUNPATH_SEARCH_PATHS = "$(inherited) @executable_path/Frameworks @loader_path/Frameworks";
				PRODUCT_NAME = "$(TARGET_NAME)";
				TEST_HOST = "$(BUILT_PRODUCTS_DIR)/EjemploWeb.app/EjemploWeb";
			};
			name = Release;
		};
/* End XCBuildConfiguration section */

/* Begin XCConfigurationList section */
		D38E4F521A8E6B1800DB642A /* Build configuration list for PBXProject "EjemploWeb" */ = {
			isa = XCConfigurationList;
			buildConfigurations = (
				D38E4F781A8E6B1800DB642A /* Debug */,
				D38E4F791A8E6B1800DB642A /* Release */,
			);
			defaultConfigurationIsVisible = 0;
			defaultConfigurationName = Release;
		};
		D38E4F7A1A8E6B1800DB642A /* Build configuration list for PBXNativeTarget "EjemploWeb" */ = {
			isa = XCConfigurationList;
			buildConfigurations = (
				D38E4F7B1A8E6B1800DB642A /* Debug */,
				D38E4F7C1A8E6B1800DB642A /* Release */,
			);
			defaultConfigurationIsVisible = 0;
		};
		D38E4F7D1A8E6B1800DB642A /* Build configuration list for PBXNativeTarget "EjemploWebTests" */ = {
			isa = XCConfigurationList;
			buildConfigurations = (
				D38E4F7E1A8E6B1800DB642A /* Debug */,
				D38E4F7F1A8E6B1800DB642A /* Release */,
			);
			defaultConfigurationIsVisible = 0;
		};
/* End XCConfigurationList section */
	};
	rootObject = D38E4F4F1A8E6B1800DB642A /* Project object */;
}
